
Microsoft Visual Studio Solution File, Format Version 12.00
# Visual Studio Version 17
VisualStudioVersion = 17.0.31903.59
MinimumVisualStudioVersion = 10.0.40219.1
Project("{FAE04EC0-301F-11D3-BF4B-00C04F79EFBC}") = "TimetableGrabber - SIT", "TimetableGrabber - SIT\TimetableGrabber - SIT.csproj", "{329075BB-38D0-4395-8C89-0D21F95688B2}"
EndProject
Global
	GlobalSection(SolutionConfigurationPlatforms) = preSolution
		Debug|Any CPU = Debug|Any CPU
		Release|Any CPU = Release|Any CPU
	EndGlobalSection
	GlobalSection(ProjectConfigurationPlatforms) = postSolution
		{329075BB-38D0-4395-8C89-0D21F95688B2}.Debug|Any CPU.ActiveCfg = Debug|Any CPU
		{329075BB-38D0-4395-8C89-0D21F95688B2}.Debug|Any CPU.Build.0 = Debug|Any CPU
		{329075BB-38D0-4395-8C89-0D21F95688B2}.Release|Any CPU.ActiveCfg = Release|Any CPU
		{329075BB-38D0-4395-8C89-0D21F95688B2}.Release|Any CPU.Build.0 = Release|Any CPU
	EndGlobalSection
	GlobalSection(SolutionProperties) = preSolution
		HideSolutionNode = FALSE
	EndGlobalSection
	GlobalSection(ExtensibilityGlobals) = postSolution
		SolutionGuid = {360D23FA-0E49-440F-A420-4DFD7A556373}
	EndGlobalSection
EndGlobal
